
Microsoft Visual Studio Solution File, Format Version 12.00
# Visual Studio Version 16
VisualStudioVersion = 16.0.31005.135
MinimumVisualStudioVersion = 10.0.40219.1
Project("{FAE04EC0-301F-11D3-BF4B-00C04F79EFBC}") = "Tic Tac Toe", "Tic Tac Toe.csproj", "{5CDD0F2F-D952-4C8A-BA96-EB4023818881}"
EndProject
Global
	GlobalSection(SolutionConfigurationPlatforms) = preSolution
		Debug|Any CPU = Debug|Any CPU
		Release|Any CPU = Release|Any CPU
	EndGlobalSection
	GlobalSection(ProjectConfigurationPlatforms) = postSolution
		{5CDD0F2F-D952-4C8A-BA96-EB4023818881}.Debug|Any CPU.ActiveCfg = Debug|Any CPU
		{5CDD0F2F-D952-4C8A-BA96-EB4023818881}.Debug|Any CPU.Build.0 = Debug|Any CPU
		{5CDD0F2F-D952-4C8A-BA96-EB4023818881}.Release|Any CPU.ActiveCfg = Release|Any CPU
		{5CDD0F2F-D952-4C8A-BA96-EB4023818881}.Release|Any CPU.Build.0 = Release|Any CPU
	EndGlobalSection
	GlobalSection(SolutionProperties) = preSolution
		HideSolutionNode = FALSE
	EndGlobalSection
	GlobalSection(ExtensibilityGlobals) = postSolution
		SolutionGuid = {14D7C5FE-BC76-46B4-81CF-959C29C8D044}
	EndGlobalSection
EndGlobal
